// !$*UTF8*$!
{
	archiveVersion = 1;
	classes = {
	};
	objectVersion = 56;
	objects = {

/* Begin PBXBuildFile section */
		82161DF92B1FF6C400AAB18D /* MyBasicCard.swift in Sources */ = {isa = PBXBuildFile; fileRef = 82161DF82B1FF6C400AAB18D /* MyBasicCard.swift */; };
		826BB34F2B20A29E00545461 /* MyCard.swift in Sources */ = {isa = PBXBuildFile; fileRef = 826BB34E2B20A29E00545461 /* MyCard.swift */; };
		826BB3532B20A68D00545461 /* MyList.swift in Sources */ = {isa = PBXBuildFile; fileRef = 826BB3522B20A68D00545461 /* MyList.swift */; };
		82726C2A2B1F565F00B8C53A /* SwiftUI_StackApp.swift in Sources */ = {isa = PBXBuildFile; fileRef = 82726C292B1F565F00B8C53A /* SwiftUI_StackApp.swift */; };
		82726C2C2B1F565F00B8C53A /* ContentView.swift in Sources */ = {isa = PBXBuildFile; fileRef = 82726C2B2B1F565F00B8C53A /* ContentView.swift */; };
		82726C2E2B1F566000B8C53A /* Assets.xcassets in Resources */ = {isa = PBXBuildFile; fileRef = 82726C2D2B1F566000B8C53A /* Assets.xcassets */; };
		82726C312B1F566000B8C53A /* Preview Assets.xcassets in Resources */ = {isa = PBXBuildFile; fileRef = 82726C302B1F566000B8C53A /* Preview Assets.xcassets */; };
		82726C382B1F567600B8C53A /* MyProjectCard.swift in Sources */ = {isa = PBXBuildFile; fileRef = 82726C372B1F567600B8C53A /* MyProjectCard.swift */; };
/* End PBXBuildFile section */

/* Begin PBXFileReference section */
		82161DF82B1FF6C400AAB18D /* MyBasicCard.swift */ = {isa = PBXFileReference; lastKnownFileType = sourcecode.swift; path = MyBasicCard.swift; sourceTree = "<group>"; };
		826BB34E2B20A29E00545461 /* MyCard.swift */ = {isa = PBXFileReference; lastKnownFileType = sourcecode.swift; path = MyCard.swift; sourceTree = "<group>"; };
		826BB3522B20A68D00545461 /* MyList.swift */ = {isa = PBXFileReference; lastKnownFileType = sourcecode.swift; path = MyList.swift; sourceTree = "<group>"; };
		82726C262B1F565F00B8C53A /* SwiftUI_Stack.app */ = {isa = PBXFileReference; explicitFileType = wrapper.application; includeInIndex = 0; path = SwiftUI_Stack.app; sourceTree = BUILT_PRODUCTS_DIR; };
		82726C292B1F565F00B8C53A /* SwiftUI_StackApp.swift */ = {isa = PBXFileReference; lastKnownFileType = sourcecode.swift; path = SwiftUI_StackApp.swift; sourceTree = "<group>"; };
		82726C2B2B1F565F00B8C53A /* ContentView.swift */ = {isa = PBXFileReference; lastKnownFileType = sourcecode.swift; path = ContentView.swift; sourceTree = "<group>"; };
		82726C2D2B1F566000B8C53A /* Assets.xcassets */ = {isa = PBXFileReference; lastKnownFileType = folder.assetcatalog; path = Assets.xcassets; sourceTree = "<group>"; };
		82726C302B1F566000B8C53A /* Preview Assets.xcassets */ = {isa = PBXFileReference; lastKnownFileType = folder.assetcatalog; path = "Preview Assets.xcassets"; sourceTree = "<group>"; };
		82726C372B1F567600B8C53A /* MyProjectCard.swift */ = {isa = PBXFileReference; lastKnownFileType = sourcecode.swift; path = MyProjectCard.swift; sourceTree = "<group>"; };
/* End PBXFileReference section */

/* Begin PBXFrameworksBuildPhase section */
		82726C232B1F565F00B8C53A /* Frameworks */ = {
			isa = PBXFrameworksBuildPhase;
			buildActionMask = 2147483647;
			files = (
			);
			runOnlyForDeploymentPostprocessing = 0;
		};
/* End PBXFrameworksBuildPhase section */

/* Begin PBXGroup section */
		82726C1D2B1F565F00B8C53A = {
			isa = PBXGroup;
			children = (
				82726C282B1F565F00B8C53A /* SwiftUI_Stack */,
				82726C272B1F565F00B8C53A /* Products */,
			);
			sourceTree = "<group>";
		};
		82726C272B1F565F00B8C53A /* Products */ = {
			isa = PBXGroup;
			children = (
				82726C262B1F565F00B8C53A /* SwiftUI_Stack.app */,
			);
			name = Products;
			sourceTree = "<group>";
		};
		82726C282B1F565F00B8C53A /* SwiftUI_Stack */ = {
			isa = PBXGroup;
			children = (
				82726C292B1F565F00B8C53A /* SwiftUI_StackApp.swift */,
				82726C2B2B1F565F00B8C53A /* ContentView.swift */,
				82726C372B1F567600B8C53A /* MyProjectCard.swift */,
				826BB34E2B20A29E00545461 /* MyCard.swift */,
				82161DF82B1FF6C400AAB18D /* MyBasicCard.swift */,
				826BB3522B20A68D00545461 /* MyList.swift */,
				82726C2D2B1F566000B8C53A /* Assets.xcassets */,
				82726C2F2B1F566000B8C53A /* Preview Content */,
			);
			path = SwiftUI_Stack;
			sourceTree = "<group>";
		};
		82726C2F2B1F566000B8C53A /* Preview Content */ = {
			isa = PBXGroup;
			children = (
				82726C302B1F566000B8C53A /* Preview Assets.xcassets */,
			);
			path = "Preview Content";
			sourceTree = "<group>";
		};
/* End PBXGroup section */

/* Begin PBXNativeTarget section */
		82726C252B1F565F00B8C53A /* SwiftUI_Stack */ = {
			isa = PBXNativeTarget;
			buildConfigurationList = 82726C342B1F566000B8C53A /* Build configuration list for PBXNativeTarget "SwiftUI_Stack" */;
			buildPhases = (
				82726C222B1F565F00B8C53A /* Sources */,
				82726C232B1F565F00B8C53A /* Frameworks */,
				82726C242B1F565F00B8C53A /* Resources */,
			);
			buildRules = (
			);
			dependencies = (
			);
			name = SwiftUI_Stack;
			productName = SwiftUI_Stack;
			productReference = 82726C262B1F565F00B8C53A /* SwiftUI_Stack.app */;
			productType = "com.apple.product-type.application";
		};
/* End PBXNativeTarget section */

/* Begin PBXProject section */
		82726C1E2B1F565F00B8C53A /* Project object */ = {
			isa = PBXProject;
			attributes = {
				BuildIndependentTargetsInParallel = 1;
				LastSwiftUpdateCheck = 1500;
				LastUpgradeCheck = 1500;
				TargetAttributes = {
					82726C252B1F565F00B8C53A = {
						CreatedOnToolsVersion = 15.0.1;
					};
				};
			};
			buildConfigurationList = 82726C212B1F565F00B8C53A /* Build configuration list for PBXProject "SwiftUI_Stack" */;
			compatibilityVersion = "Xcode 14.0";
			developmentRegion = en;
			hasScannedForEncodings = 0;
			knownRegions = (
				en,
				Base,
			);
			mainGroup = 82726C1D2B1F565F00B8C53A;
			productRefGroup = 82726C272B1F565F00B8C53A /* Products */;
			projectDirPath = "";
			projectRoot = "";
			targets = (
				82726C252B1F565F00B8C53A /* SwiftUI_Stack */,
			);
		};
/* End PBXProject section */

/* Begin PBXResourcesBuildPhase section */
		82726C242B1F565F00B8C53A /* Resources */ = {
			isa = PBXResourcesBuildPhase;
			buildActionMask = 2147483647;
			files = (
				82726C312B1F566000B8C53A /* Preview Assets.xcassets in Resources */,
				82726C2E2B1F566000B8C53A /* Assets.xcassets in Resources */,
			);
			runOnlyForDeploymentPostprocessing = 0;
		};
/* End PBXResourcesBuildPhase section */

/* Begin PBXSourcesBuildPhase section */
		82726C222B1F565F00B8C53A /* Sources */ = {
			isa = PBXSourcesBuildPhase;
			buildActionMask = 2147483647;
			files = (
				82726C382B1F567600B8C53A /* MyProjectCard.swift in Sources */,
				82726C2C2B1F565F00B8C53A /* ContentView.swift in Sources */,
				82161DF92B1FF6C400AAB18D /* MyBasicCard.swift in Sources */,
				826BB34F2B20A29E00545461 /* MyCard.swift in Sources */,
				82726C2A2B1F565F00B8C53A /* SwiftUI_StackApp.swift in Sources */,
				826BB3532B20A68D00545461 /* MyList.swift in Sources */,
			);
			runOnlyForDeploymentPostprocessing = 0;
		};
/* End PBXSourcesBuildPhase section */

/* Begin XCBuildConfiguration section */
		82726C322B1F566000B8C53A /* Debug */ = {
			isa = XCBuildConfiguration;
			buildSettings = {
				ALWAYS_SEARCH_USER_PATHS = NO;
				ASSETCATALOG_COMPILER_GENERATE_SWIFT_ASSET_SYMBOL_EXTENSIONS = YES;
				CLANG_ANALYZER_NONNULL = YES;
				CLANG_ANALYZER_NUMBER_OBJECT_CONVERSION = YES_AGGRESSIVE;
				CLANG_CXX_LANGUAGE_STANDARD = "gnu++20";
				CLANG_ENABLE_MODULES = YES;
				CLANG_ENABLE_OBJC_ARC = YES;
				CLANG_ENABLE_OBJC_WEAK = YES;
				CLANG_WARN_BLOCK_CAPTURE_AUTORELEASING = YES;
				CLANG_WARN_BOOL_CONVERSION = YES;
				CLANG_WARN_COMMA = YES;
				CLANG_WARN_CONSTANT_CONVERSION = YES;
				CLANG_WARN_DEPRECATED_OBJC_IMPLEMENTATIONS = YES;
				CLANG_WARN_DIRECT_OBJC_ISA_USAGE = YES_ERROR;
				CLANG_WARN_DOCUMENTATION_COMMENTS = YES;
				CLANG_WARN_EMPTY_BODY = YES;
				CLANG_WARN_ENUM_CONVERSION = YES;
				CLANG_WARN_INFINITE_RECURSION = YES;
				CLANG_WARN_INT_CONVERSION = YES;
				CLANG_WARN_NON_LITERAL_NULL_CONVERSION = YES;
				CLANG_WARN_OBJC_IMPLICIT_RETAIN_SELF = YES;
				CLANG_WARN_OBJC_LITERAL_CONVERSION = YES;
				CLANG_WARN_OBJC_ROOT_CLASS = YES_ERROR;
				CLANG_WARN_QUOTED_INCLUDE_IN_FRAMEWORK_HEADER = YES;
				CLANG_WARN_RANGE_LOOP_ANALYSIS = YES;
				CLANG_WARN_STRICT_PROTOTYPES = YES;
				CLANG_WARN_SUSPICIOUS_MOVE = YES;
				CLANG_WARN_UNGUARDED_AVAILABILITY = YES_AGGRESSIVE;
				CLANG_WARN_UNREACHABLE_CODE = YES;
				CLANG_WARN__DUPLICATE_METHOD_MATCH = YES;
				COPY_PHASE_STRIP = NO;
				DEBUG_INFORMATION_FORMAT = dwarf;
				ENABLE_STRICT_OBJC_MSGSEND = YES;
				ENABLE_TESTABILITY = YES;
				ENABLE_USER_SCRIPT_SANDBOXING = YES;
				GCC_C_LANGUAGE_STANDARD = gnu17;
				GCC_DYNAMIC_NO_PIC = NO;
				GCC_NO_COMMON_BLOCKS = YES;
				GCC_OPTIMIZATION_LEVEL = 0;
				GCC_PREPROCESSOR_DEFINITIONS = (
					"DEBUG=1",
					"$(inherited)",
				);
				GCC_WARN_64_TO_32_BIT_CONVERSION = YES;
				GCC_WARN_ABOUT_RETURN_TYPE = YES_ERROR;
				GCC_WARN_UNDECLARED_SELECTOR = YES;
				GCC_WARN_UNINITIALIZED_AUTOS = YES_AGGRESSIVE;
				GCC_WARN_UNUSED_FUNCTION = YES;
				GCC_WARN_UNUSED_VARIABLE = YES;
				IPHONEOS_DEPLOYMENT_TARGET = 17.0;
				LOCALIZATION_PREFERS_STRING_CATALOGS = YES;
				MTL_ENABLE_DEBUG_INFO = INCLUDE_SOURCE;
				MTL_FAST_MATH = YES;
				ONLY_ACTIVE_ARCH = YES;
				SDKROOT = iphoneos;
				SWIFT_ACTIVE_COMPILATION_CONDITIONS = "DEBUG $(inherited)";
				SWIFT_OPTIMIZATION_LEVEL = "-Onone";
			};
			name = Debug;
		};
		82726C332B1F566000B8C53A /* Release */ = {
			isa = XCBuildConfiguration;
			buildSettings = {
				ALWAYS_SEARCH_USER_PATHS = NO;
				ASSETCATALOG_COMPILER_GENERATE_SWIFT_ASSET_SYMBOL_EXTENSIONS = YES;
				CLANG_ANALYZER_NONNULL = YES;
				CLANG_ANALYZER_NUMBER_OBJECT_CONVERSION = YES_AGGRESSIVE;
				CLANG_CXX_LANGUAGE_STANDARD = "gnu++20";
				CLANG_ENABLE_MODULES = YES;
				CLANG_ENABLE_OBJC_ARC = YES;
				CLANG_ENABLE_OBJC_WEAK = YES;
				CLANG_WARN_BLOCK_CAPTURE_AUTORELEASING = YES;
				CLANG_WARN_BOOL_CONVERSION = YES;
				CLANG_WARN_COMMA = YES;
				CLANG_WARN_CONSTANT_CONVERSION = YES;
				CLANG_WARN_DEPRECATED_OBJC_IMPLEMENTATIONS = YES;
				CLANG_WARN_DIRECT_OBJC_ISA_USAGE = YES_ERROR;
				CLANG_WARN_DOCUMENTATION_COMMENTS = YES;
				CLANG_WARN_EMPTY_BODY = YES;
				CLANG_WARN_ENUM_CONVERSION = YES;
				CLANG_WARN_INFINITE_RECURSION = YES;
				CLANG_WARN_INT_CONVERSION = YES;
				CLANG_WARN_NON_LITERAL_NULL_CONVERSION = YES;
				CLANG_WARN_OBJC_IMPLICIT_RETAIN_SELF = YES;
				CLANG_WARN_OBJC_LITERAL_CONVERSION = YES;
				CLANG_WARN_OBJC_ROOT_CLASS = YES_ERROR;
				CLANG_WARN_QUOTED_INCLUDE_IN_FRAMEWORK_HEADER = YES;
				CLANG_WARN_RANGE_LOOP_ANALYSIS = YES;
				CLANG_WARN_STRICT_PROTOTYPES = YES;
				CLANG_WARN_SUSPICIOUS_MOVE = YES;
				CLANG_WARN_UNGUARDED_AVAILABILITY = YES_AGGRESSIVE;
				CLANG_WARN_UNREACHABLE_CODE = YES;
				CLANG_WARN__DUPLICATE_METHOD_MATCH = YES;
				COPY_PHASE_STRIP = NO;
				DEBUG_INFORMATION_FORMAT = "dwarf-with-dsym";
				ENABLE_NS_ASSERTIONS = NO;
				ENABLE_STRICT_OBJC_MSGSEND = YES;
				ENABLE_USER_SCRIPT_SANDBOXING = YES;
				GCC_C_LANGUAGE_STANDARD = gnu17;
				GCC_NO_COMMON_BLOCKS = YES;
				GCC_WARN_64_TO_32_BIT_CONVERSION = YES;
				GCC_WARN_ABOUT_RETURN_TYPE = YES_ERROR;
				GCC_WARN_UNDECLARED_SELECTOR = YES;
				GCC_WARN_UNINITIALIZED_AUTOS = YES_AGGRESSIVE;
				GCC_WARN_UNUSED_FUNCTION = YES;
				GCC_WARN_UNUSED_VARIABLE = YES;
				IPHONEOS_DEPLOYMENT_TARGET = 17.0;
				LOCALIZATION_PREFERS_STRING_CATALOGS = YES;
				MTL_ENABLE_DEBUG_INFO = NO;
				MTL_FAST_MATH = YES;
				SDKROOT = iphoneos;
				SWIFT_COMPILATION_MODE = wholemodule;
				VALIDATE_PRODUCT = YES;
			};
			name = Release;
		};
		82726C352B1F566000B8C53A /* Debug */ = {
			isa = XCBuildConfiguration;
			buildSettings = {
				ASSETCATALOG_COMPILER_APPICON_NAME = AppIcon;
				ASSETCATALOG_COMPILER_GLOBAL_ACCENT_COLOR_NAME = AccentColor;
				CODE_SIGN_STYLE = Automatic;
				CURRENT_PROJECT_VERSION = 1;
				DEVELOPMENT_ASSET_PATHS = "\"SwiftUI_Stack/Preview Content\"";
				DEVELOPMENT_TEAM = SQDR264Q5Q;
				ENABLE_PREVIEWS = YES;
				GENERATE_INFOPLIST_FILE = YES;
				INFOPLIST_KEY_UIApplicationSceneManifest_Generation = YES;
				INFOPLIST_KEY_UIApplicationSupportsIndirectInputEvents = YES;
				INFOPLIST_KEY_UILaunchScreen_Generation = YES;
				INFOPLIST_KEY_UISupportedInterfaceOrientations_iPad = "UIInterfaceOrientationPortrait UIInterfaceOrientationPortraitUpsideDown UIInterfaceOrientationLandscapeLeft UIInterfaceOrientationLandscapeRight";
				INFOPLIST_KEY_UISupportedInterfaceOrientations_iPhone = "UIInterfaceOrientationPortrait UIInterfaceOrientationLandscapeLeft UIInterfaceOrientationLandscapeRight";
				LD_RUNPATH_SEARCH_PATHS = (
					"$(inherited)",
					"@executable_path/Frameworks",
				);
				MARKETING_VERSION = 1.0;
				PRODUCT_BUNDLE_IDENTIFIER = "com.ios3.SwiftUI-Stack";
				PRODUCT_NAME = "$(TARGET_NAME)";
				SWIFT_EMIT_LOC_STRINGS = YES;
				SWIFT_VERSION = 5.0;
				TARGETED_DEVICE_FAMILY = "1,2";
			};
			name = Debug;
		};
		82726C362B1F566000B8C53A /* Release */ = {
			isa = XCBuildConfiguration;
			buildSettings = {
				ASSETCATALOG_COMPILER_APPICON_NAME = AppIcon;
				ASSETCATALOG_COMPILER_GLOBAL_ACCENT_COLOR_NAME = AccentColor;
				CODE_SIGN_STYLE = Automatic;
				CURRENT_PROJECT_VERSION = 1;
				DEVELOPMENT_ASSET_PATHS = "\"SwiftUI_Stack/Preview Content\"";
				DEVELOPMENT_TEAM = SQDR264Q5Q;
				ENABLE_PREVIEWS = YES;
				GENERATE_INFOPLIST_FILE = YES;
				INFOPLIST_KEY_UIApplicationSceneManifest_Generation = YES;
				INFOPLIST_KEY_UIApplicationSupportsIndirectInputEvents = YES;
				INFOPLIST_KEY_UILaunchScreen_Generation = YES;
				INFOPLIST_KEY_UISupportedInterfaceOrientations_iPad = "UIInterfaceOrientationPortrait UIInterfaceOrientationPortraitUpsideDown UIInterfaceOrientationLandscapeLeft UIInterfaceOrientationLandscapeRight";
				INFOPLIST_KEY_UISupportedInterfaceOrientations_iPhone = "UIInterfaceOrientationPortrait UIInterfaceOrientationLandscapeLeft UIInterfaceOrientationLandscapeRight";
				LD_RUNPATH_SEARCH_PATHS = (
					"$(inherited)",
					"@executable_path/Frameworks",
				);
				MARKETING_VERSION = 1.0;
				PRODUCT_BUNDLE_IDENTIFIER = "com.ios3.SwiftUI-Stack";
				PRODUCT_NAME = "$(TARGET_NAME)";
				SWIFT_EMIT_LOC_STRINGS = YES;
				SWIFT_VERSION = 5.0;
				TARGETED_DEVICE_FAMILY = "1,2";
			};
			name = Release;
		};
/* End XCBuildConfiguration section */

/* Begin XCConfigurationList section */
		82726C212B1F565F00B8C53A /* Build configuration list for PBXProject "SwiftUI_Stack" */ = {
			isa = XCConfigurationList;
			buildConfigurations = (
				82726C322B1F566000B8C53A /* Debug */,
				82726C332B1F566000B8C53A /* Release */,
			);
			defaultConfigurationIsVisible = 0;
			defaultConfigurationName = Release;
		};
		82726C342B1F566000B8C53A /* Build configuration list for PBXNativeTarget "SwiftUI_Stack" */ = {
			isa = XCConfigurationList;
			buildConfigurations = (
				82726C352B1F566000B8C53A /* Debug */,
				82726C362B1F566000B8C53A /* Release */,
			);
			defaultConfigurationIsVisible = 0;
			defaultConfigurationName = Release;
		};
/* End XCConfigurationList section */
	};
	rootObject = 82726C1E2B1F565F00B8C53A /* Project object */;
}
